
Microsoft Visual Studio Solution File, Format Version 12.00
# Visual Studio Version 17
VisualStudioVersion = 17.5.33530.505
MinimumVisualStudioVersion = 10.0.40219.1
Project("{FAE04EC0-301F-11D3-BF4B-00C04F79EFBC}") = "MovieApp", "MovieApp.csproj", "{5B87B91A-CACD-416C-ADE5-9EEDE85DFF9C}"
EndProject
Global
	GlobalSection(SolutionConfigurationPlatforms) = preSolution
		Debug|Any CPU = Debug|Any CPU
		Release|Any CPU = Release|Any CPU
	EndGlobalSection
	GlobalSection(ProjectConfigurationPlatforms) = postSolution
		{5B87B91A-CACD-416C-ADE5-9EEDE85DFF9C}.Debug|Any CPU.ActiveCfg = Debug|Any CPU
		{5B87B91A-CACD-416C-ADE5-9EEDE85DFF9C}.Debug|Any CPU.Build.0 = Debug|Any CPU
		{5B87B91A-CACD-416C-ADE5-9EEDE85DFF9C}.Release|Any CPU.ActiveCfg = Release|Any CPU
		{5B87B91A-CACD-416C-ADE5-9EEDE85DFF9C}.Release|Any CPU.Build.0 = Release|Any CPU
	EndGlobalSection
	GlobalSection(SolutionProperties) = preSolution
		HideSolutionNode = FALSE
	EndGlobalSection
	GlobalSection(ExtensibilityGlobals) = postSolution
		SolutionGuid = {FDF0D44F-8E9D-4E1B-8E16-CC291ED708B0}
	EndGlobalSection
EndGlobal
